
Microsoft Visual Studio Solution File, Format Version 12.00
# Visual Studio Version 17
VisualStudioVersion = 17.0.31903.59
MinimumVisualStudioVersion = 10.0.40219.1
Project("{FAE04EC0-301F-11D3-BF4B-00C04F79EFBC}") = "maintenanceServiceAPI", "maintenanceServiceAPI\maintenanceServiceAPI.csproj", "{78CCA1B6-1452-4034-A7EF-AB369336E55E}"
EndProject
Project("{FAE04EC0-301F-11D3-BF4B-00C04F79EFBC}") = "maintenanceServiceAPI.Test", "maintenanceServiceAPI.Test\maintenanceServiceAPI.Test.csproj", "{D8A96E77-42FC-4F54-B26B-BD54C33DB55B}"
EndProject
Global
	GlobalSection(SolutionConfigurationPlatforms) = preSolution
		Debug|Any CPU = Debug|Any CPU
		Release|Any CPU = Release|Any CPU
	EndGlobalSection
	GlobalSection(SolutionProperties) = preSolution
		HideSolutionNode = FALSE
	EndGlobalSection
	GlobalSection(ProjectConfigurationPlatforms) = postSolution
		{78CCA1B6-1452-4034-A7EF-AB369336E55E}.Debug|Any CPU.ActiveCfg = Debug|Any CPU
		{78CCA1B6-1452-4034-A7EF-AB369336E55E}.Debug|Any CPU.Build.0 = Debug|Any CPU
		{78CCA1B6-1452-4034-A7EF-AB369336E55E}.Release|Any CPU.ActiveCfg = Release|Any CPU
		{78CCA1B6-1452-4034-A7EF-AB369336E55E}.Release|Any CPU.Build.0 = Release|Any CPU
		{D8A96E77-42FC-4F54-B26B-BD54C33DB55B}.Debug|Any CPU.ActiveCfg = Debug|Any CPU
		{D8A96E77-42FC-4F54-B26B-BD54C33DB55B}.Debug|Any CPU.Build.0 = Debug|Any CPU
		{D8A96E77-42FC-4F54-B26B-BD54C33DB55B}.Release|Any CPU.ActiveCfg = Release|Any CPU
		{D8A96E77-42FC-4F54-B26B-BD54C33DB55B}.Release|Any CPU.Build.0 = Release|Any CPU
	EndGlobalSection
EndGlobal
